// !$*UTF8*$!
{
	archiveVersion = 1;
	classes = {
	};
	objectVersion = 50;
	objects = {

/* Begin PBXBuildFile section */
		5854FE5222F2272700B67700 /* GistPost.swift in Sources */ = {isa = PBXBuildFile; fileRef = 5854FE5122F2272700B67700 /* GistPost.swift */; };
		589B792022F1A93A0055DB5F /* AppDelegate.swift in Sources */ = {isa = PBXBuildFile; fileRef = 589B791F22F1A93A0055DB5F /* AppDelegate.swift */; };
		589B792222F1A93A0055DB5F /* SceneDelegate.swift in Sources */ = {isa = PBXBuildFile; fileRef = 589B792122F1A93A0055DB5F /* SceneDelegate.swift */; };
		589B792722F1A93A0055DB5F /* Main.storyboard in Resources */ = {isa = PBXBuildFile; fileRef = 589B792522F1A93A0055DB5F /* Main.storyboard */; };
		589B792922F1A93C0055DB5F /* Assets.xcassets in Resources */ = {isa = PBXBuildFile; fileRef = 589B792822F1A93C0055DB5F /* Assets.xcassets */; };
		589B792C22F1A93C0055DB5F /* LaunchScreen.storyboard in Resources */ = {isa = PBXBuildFile; fileRef = 589B792A22F1A93C0055DB5F /* LaunchScreen.storyboard */; };
		589B793422F1A9AF0055DB5F /* NetworkManager.swift in Sources */ = {isa = PBXBuildFile; fileRef = 589B793322F1A9AF0055DB5F /* NetworkManager.swift */; };
		589B793622F1A9CF0055DB5F /* Gist.swift in Sources */ = {isa = PBXBuildFile; fileRef = 589B793522F1A9CF0055DB5F /* Gist.swift */; };
		589B793822F1A9FC0055DB5F /* Owner.swift in Sources */ = {isa = PBXBuildFile; fileRef = 589B793722F1A9FC0055DB5F /* Owner.swift */; };
		589B793A22F1AA150055DB5F /* GistFile.swift in Sources */ = {isa = PBXBuildFile; fileRef = 589B793922F1AA150055DB5F /* GistFile.swift */; };
		589B793C22F1B9DB0055DB5F /* GistsListViewController.swift in Sources */ = {isa = PBXBuildFile; fileRef = 589B793B22F1B9DB0055DB5F /* GistsListViewController.swift */; };
/* End PBXBuildFile section */

/* Begin PBXFileReference section */
		5814BDF422F2B92400EAD50F /* GistPost.swift */ = {isa = PBXFileReference; lastKnownFileType = sourcecode.swift; path = GistPost.swift; sourceTree = "<group>"; };
		5854FE5122F2272700B67700 /* GistPost.swift */ = {isa = PBXFileReference; lastKnownFileType = sourcecode.swift; name = GistPost.swift; path = "../../../../../../../../System/Volumes/Data/Users/arkadiygrigoryanc/Develop/Tasks/Stepik/Академия яндекса/HistsApp/HistsApp/GistPost.swift"; sourceTree = "<group>"; };
		589B791C22F1A93A0055DB5F /* HistsApp.app */ = {isa = PBXFileReference; explicitFileType = wrapper.application; includeInIndex = 0; path = HistsApp.app; sourceTree = BUILT_PRODUCTS_DIR; };
		589B791F22F1A93A0055DB5F /* AppDelegate.swift */ = {isa = PBXFileReference; lastKnownFileType = sourcecode.swift; path = AppDelegate.swift; sourceTree = "<group>"; };
		589B792122F1A93A0055DB5F /* SceneDelegate.swift */ = {isa = PBXFileReference; lastKnownFileType = sourcecode.swift; path = SceneDelegate.swift; sourceTree = "<group>"; };
		589B792622F1A93A0055DB5F /* Base */ = {isa = PBXFileReference; lastKnownFileType = file.storyboard; name = Base; path = Base.lproj/Main.storyboard; sourceTree = "<group>"; };
		589B792822F1A93C0055DB5F /* Assets.xcassets */ = {isa = PBXFileReference; lastKnownFileType = folder.assetcatalog; path = Assets.xcassets; sourceTree = "<group>"; };
		589B792B22F1A93C0055DB5F /* Base */ = {isa = PBXFileReference; lastKnownFileType = file.storyboard; name = Base; path = Base.lproj/LaunchScreen.storyboard; sourceTree = "<group>"; };
		589B792D22F1A93C0055DB5F /* Info.plist */ = {isa = PBXFileReference; lastKnownFileType = text.plist.xml; path = Info.plist; sourceTree = "<group>"; };
		589B793322F1A9AF0055DB5F /* NetworkManager.swift */ = {isa = PBXFileReference; lastKnownFileType = sourcecode.swift; path = NetworkManager.swift; sourceTree = "<group>"; };
		589B793522F1A9CF0055DB5F /* Gist.swift */ = {isa = PBXFileReference; lastKnownFileType = sourcecode.swift; path = Gist.swift; sourceTree = "<group>"; };
		589B793722F1A9FC0055DB5F /* Owner.swift */ = {isa = PBXFileReference; lastKnownFileType = sourcecode.swift; path = Owner.swift; sourceTree = "<group>"; };
		589B793922F1AA150055DB5F /* GistFile.swift */ = {isa = PBXFileReference; lastKnownFileType = sourcecode.swift; path = GistFile.swift; sourceTree = "<group>"; };
		589B793B22F1B9DB0055DB5F /* GistsListViewController.swift */ = {isa = PBXFileReference; lastKnownFileType = sourcecode.swift; path = GistsListViewController.swift; sourceTree = "<group>"; };
/* End PBXFileReference section */

/* Begin PBXFrameworksBuildPhase section */
		589B791922F1A93A0055DB5F /* Frameworks */ = {
			isa = PBXFrameworksBuildPhase;
			buildActionMask = 2147483647;
			files = (
			);
			runOnlyForDeploymentPostprocessing = 0;
		};
/* End PBXFrameworksBuildPhase section */

/* Begin PBXGroup section */
		5814BDF322F2B92300EAD50F /* Models */ = {
			isa = PBXGroup;
			children = (
				589B793522F1A9CF0055DB5F /* Gist.swift */,
				5814BDF422F2B92400EAD50F /* GistPost.swift */,
				589B793722F1A9FC0055DB5F /* Owner.swift */,
				589B793922F1AA150055DB5F /* GistFile.swift */,
			);
			path = Models;
			sourceTree = "<group>";
		};
		5814BDF522F2B92E00EAD50F /* Controllers */ = {
			isa = PBXGroup;
			children = (
				589B793B22F1B9DB0055DB5F /* GistsListViewController.swift */,
			);
			path = Controllers;
			sourceTree = "<group>";
		};
		589B791322F1A93A0055DB5F = {
			isa = PBXGroup;
			children = (
				589B791E22F1A93A0055DB5F /* HistsApp */,
				589B791D22F1A93A0055DB5F /* Products */,
			);
			sourceTree = "<group>";
		};
		589B791D22F1A93A0055DB5F /* Products */ = {
			isa = PBXGroup;
			children = (
				589B791C22F1A93A0055DB5F /* HistsApp.app */,
			);
			name = Products;
			sourceTree = "<group>";
		};
		589B791E22F1A93A0055DB5F /* HistsApp */ = {
			isa = PBXGroup;
			children = (
				589B791F22F1A93A0055DB5F /* AppDelegate.swift */,
				589B792122F1A93A0055DB5F /* SceneDelegate.swift */,
				589B793322F1A9AF0055DB5F /* NetworkManager.swift */,
				5814BDF522F2B92E00EAD50F /* Controllers */,
				5814BDF322F2B92300EAD50F /* Models */,
				5854FE5122F2272700B67700 /* GistPost.swift */,
				589B792522F1A93A0055DB5F /* Main.storyboard */,
				589B792822F1A93C0055DB5F /* Assets.xcassets */,
				589B792A22F1A93C0055DB5F /* LaunchScreen.storyboard */,
				589B792D22F1A93C0055DB5F /* Info.plist */,
			);
			path = HistsApp;
			sourceTree = "<group>";
		};
/* End PBXGroup section */

/* Begin PBXNativeTarget section */
		589B791B22F1A93A0055DB5F /* HistsApp */ = {
			isa = PBXNativeTarget;
			buildConfigurationList = 589B793022F1A93C0055DB5F /* Build configuration list for PBXNativeTarget "HistsApp" */;
			buildPhases = (
				589B791822F1A93A0055DB5F /* Sources */,
				589B791922F1A93A0055DB5F /* Frameworks */,
				589B791A22F1A93A0055DB5F /* Resources */,
			);
			buildRules = (
			);
			dependencies = (
			);
			name = HistsApp;
			productName = HistsApp;
			productReference = 589B791C22F1A93A0055DB5F /* HistsApp.app */;
			productType = "com.apple.product-type.application";
		};
/* End PBXNativeTarget section */

/* Begin PBXProject section */
		589B791422F1A93A0055DB5F /* Project object */ = {
			isa = PBXProject;
			attributes = {
				LastSwiftUpdateCheck = 1100;
				LastUpgradeCheck = 1100;
				ORGANIZATIONNAME = "Arkadiy Grigoryanc";
				TargetAttributes = {
					589B791B22F1A93A0055DB5F = {
						CreatedOnToolsVersion = 11.0;
					};
				};
			};
			buildConfigurationList = 589B791722F1A93A0055DB5F /* Build configuration list for PBXProject "HistsApp" */;
			compatibilityVersion = "Xcode 9.3";
			developmentRegion = en;
			hasScannedForEncodings = 0;
			knownRegions = (
				en,
				Base,
			);
			mainGroup = 589B791322F1A93A0055DB5F;
			productRefGroup = 589B791D22F1A93A0055DB5F /* Products */;
			projectDirPath = "";
			projectRoot = "";
			targets = (
				589B791B22F1A93A0055DB5F /* HistsApp */,
			);
		};
/* End PBXProject section */

/* Begin PBXResourcesBuildPhase section */
		589B791A22F1A93A0055DB5F /* Resources */ = {
			isa = PBXResourcesBuildPhase;
			buildActionMask = 2147483647;
			files = (
				589B792C22F1A93C0055DB5F /* LaunchScreen.storyboard in Resources */,
				589B792922F1A93C0055DB5F /* Assets.xcassets in Resources */,
				589B792722F1A93A0055DB5F /* Main.storyboard in Resources */,
			);
			runOnlyForDeploymentPostprocessing = 0;
		};
/* End PBXResourcesBuildPhase section */

/* Begin PBXSourcesBuildPhase section */
		589B791822F1A93A0055DB5F /* Sources */ = {
			isa = PBXSourcesBuildPhase;
			buildActionMask = 2147483647;
			files = (
				589B793622F1A9CF0055DB5F /* Gist.swift in Sources */,
				589B793A22F1AA150055DB5F /* GistFile.swift in Sources */,
				589B793C22F1B9DB0055DB5F /* GistsListViewController.swift in Sources */,
				589B793822F1A9FC0055DB5F /* Owner.swift in Sources */,
				589B793422F1A9AF0055DB5F /* NetworkManager.swift in Sources */,
				589B792022F1A93A0055DB5F /* AppDelegate.swift in Sources */,
				5854FE5222F2272700B67700 /* GistPost.swift in Sources */,
				589B792222F1A93A0055DB5F /* SceneDelegate.swift in Sources */,
			);
			runOnlyForDeploymentPostprocessing = 0;
		};
/* End PBXSourcesBuildPhase section */

/* Begin PBXVariantGroup section */
		589B792522F1A93A0055DB5F /* Main.storyboard */ = {
			isa = PBXVariantGroup;
			children = (
				589B792622F1A93A0055DB5F /* Base */,
			);
			name = Main.storyboard;
			sourceTree = "<group>";
		};
		589B792A22F1A93C0055DB5F /* LaunchScreen.storyboard */ = {
			isa = PBXVariantGroup;
			children = (
				589B792B22F1A93C0055DB5F /* Base */,
			);
			name = LaunchScreen.storyboard;
			sourceTree = "<group>";
		};
/* End PBXVariantGroup section */

/* Begin XCBuildConfiguration section */
		589B792E22F1A93C0055DB5F /* Debug */ = {
			isa = XCBuildConfiguration;
			buildSettings = {
				ALWAYS_SEARCH_USER_PATHS = NO;
				CLANG_ANALYZER_NONNULL = YES;
				CLANG_ANALYZER_NUMBER_OBJECT_CONVERSION = YES_AGGRESSIVE;
				CLANG_CXX_LANGUAGE_STANDARD = "gnu++14";
				CLANG_CXX_LIBRARY = "libc++";
				CLANG_ENABLE_MODULES = YES;
				CLANG_ENABLE_OBJC_ARC = YES;
				CLANG_ENABLE_OBJC_WEAK = YES;
				CLANG_WARN_BLOCK_CAPTURE_AUTORELEASING = YES;
				CLANG_WARN_BOOL_CONVERSION = YES;
				CLANG_WARN_COMMA = YES;
				CLANG_WARN_CONSTANT_CONVERSION = YES;
				CLANG_WARN_DEPRECATED_OBJC_IMPLEMENTATIONS = YES;
				CLANG_WARN_DIRECT_OBJC_ISA_USAGE = YES_ERROR;
				CLANG_WARN_DOCUMENTATION_COMMENTS = YES;
				CLANG_WARN_EMPTY_BODY = YES;
				CLANG_WARN_ENUM_CONVERSION = YES;
				CLANG_WARN_INFINITE_RECURSION = YES;
				CLANG_WARN_INT_CONVERSION = YES;
				CLANG_WARN_NON_LITERAL_NULL_CONVERSION = YES;
				CLANG_WARN_OBJC_IMPLICIT_RETAIN_SELF = YES;
				CLANG_WARN_OBJC_LITERAL_CONVERSION = YES;
				CLANG_WARN_OBJC_ROOT_CLASS = YES_ERROR;
				CLANG_WARN_RANGE_LOOP_ANALYSIS = YES;
				CLANG_WARN_STRICT_PROTOTYPES = YES;
				CLANG_WARN_SUSPICIOUS_MOVE = YES;
				CLANG_WARN_UNGUARDED_AVAILABILITY = YES_AGGRESSIVE;
				CLANG_WARN_UNREACHABLE_CODE = YES;
				CLANG_WARN__DUPLICATE_METHOD_MATCH = YES;
				COPY_PHASE_STRIP = NO;
				DEBUG_INFORMATION_FORMAT = dwarf;
				ENABLE_STRICT_OBJC_MSGSEND = YES;
				ENABLE_TESTABILITY = YES;
				GCC_C_LANGUAGE_STANDARD = gnu11;
				GCC_DYNAMIC_NO_PIC = NO;
				GCC_NO_COMMON_BLOCKS = YES;
				GCC_OPTIMIZATION_LEVEL = 0;
				GCC_PREPROCESSOR_DEFINITIONS = (
					"DEBUG=1",
					"$(inherited)",
				);
				GCC_WARN_64_TO_32_BIT_CONVERSION = YES;
				GCC_WARN_ABOUT_RETURN_TYPE = YES_ERROR;
				GCC_WARN_UNDECLARED_SELECTOR = YES;
				GCC_WARN_UNINITIALIZED_AUTOS = YES_AGGRESSIVE;
				GCC_WARN_UNUSED_FUNCTION = YES;
				GCC_WARN_UNUSED_VARIABLE = YES;
				IPHONEOS_DEPLOYMENT_TARGET = 13.0;
				MTL_ENABLE_DEBUG_INFO = INCLUDE_SOURCE;
				MTL_FAST_MATH = YES;
				ONLY_ACTIVE_ARCH = YES;
				SDKROOT = iphoneos;
				SWIFT_ACTIVE_COMPILATION_CONDITIONS = DEBUG;
				SWIFT_OPTIMIZATION_LEVEL = "-Onone";
			};
			name = Debug;
		};
		589B792F22F1A93C0055DB5F /* Release */ = {
			isa = XCBuildConfiguration;
			buildSettings = {
				ALWAYS_SEARCH_USER_PATHS = NO;
				CLANG_ANALYZER_NONNULL = YES;
				CLANG_ANALYZER_NUMBER_OBJECT_CONVERSION = YES_AGGRESSIVE;
				CLANG_CXX_LANGUAGE_STANDARD = "gnu++14";
				CLANG_CXX_LIBRARY = "libc++";
				CLANG_ENABLE_MODULES = YES;
				CLANG_ENABLE_OBJC_ARC = YES;
				CLANG_ENABLE_OBJC_WEAK = YES;
				CLANG_WARN_BLOCK_CAPTURE_AUTORELEASING = YES;
				CLANG_WARN_BOOL_CONVERSION = YES;
				CLANG_WARN_COMMA = YES;
				CLANG_WARN_CONSTANT_CONVERSION = YES;
				CLANG_WARN_DEPRECATED_OBJC_IMPLEMENTATIONS = YES;
				CLANG_WARN_DIRECT_OBJC_ISA_USAGE = YES_ERROR;
				CLANG_WARN_DOCUMENTATION_COMMENTS = YES;
				CLANG_WARN_EMPTY_BODY = YES;
				CLANG_WARN_ENUM_CONVERSION = YES;
				CLANG_WARN_INFINITE_RECURSION = YES;
				CLANG_WARN_INT_CONVERSION = YES;
				CLANG_WARN_NON_LITERAL_NULL_CONVERSION = YES;
				CLANG_WARN_OBJC_IMPLICIT_RETAIN_SELF = YES;
				CLANG_WARN_OBJC_LITERAL_CONVERSION = YES;
				CLANG_WARN_OBJC_ROOT_CLASS = YES_ERROR;
				CLANG_WARN_RANGE_LOOP_ANALYSIS = YES;
				CLANG_WARN_STRICT_PROTOTYPES = YES;
				CLANG_WARN_SUSPICIOUS_MOVE = YES;
				CLANG_WARN_UNGUARDED_AVAILABILITY = YES_AGGRESSIVE;
				CLANG_WARN_UNREACHABLE_CODE = YES;
				CLANG_WARN__DUPLICATE_METHOD_MATCH = YES;
				COPY_PHASE_STRIP = NO;
				DEBUG_INFORMATION_FORMAT = "dwarf-with-dsym";
				ENABLE_NS_ASSERTIONS = NO;
				ENABLE_STRICT_OBJC_MSGSEND = YES;
				GCC_C_LANGUAGE_STANDARD = gnu11;
				GCC_NO_COMMON_BLOCKS = YES;
				GCC_WARN_64_TO_32_BIT_CONVERSION = YES;
				GCC_WARN_ABOUT_RETURN_TYPE = YES_ERROR;
				GCC_WARN_UNDECLARED_SELECTOR = YES;
				GCC_WARN_UNINITIALIZED_AUTOS = YES_AGGRESSIVE;
				GCC_WARN_UNUSED_FUNCTION = YES;
				GCC_WARN_UNUSED_VARIABLE = YES;
				IPHONEOS_DEPLOYMENT_TARGET = 13.0;
				MTL_ENABLE_DEBUG_INFO = NO;
				MTL_FAST_MATH = YES;
				SDKROOT = iphoneos;
				SWIFT_COMPILATION_MODE = wholemodule;
				SWIFT_OPTIMIZATION_LEVEL = "-O";
				VALIDATE_PRODUCT = YES;
			};
			name = Release;
		};
		589B793122F1A93C0055DB5F /* Debug */ = {
			isa = XCBuildConfiguration;
			buildSettings = {
				ASSETCATALOG_COMPILER_APPICON_NAME = AppIcon;
				CODE_SIGN_STYLE = Automatic;
				DEVELOPMENT_TEAM = 4W5UZS2FYQ;
				INFOPLIST_FILE = HistsApp/Info.plist;
				LD_RUNPATH_SEARCH_PATHS = (
					"$(inherited)",
					"@executable_path/Frameworks",
				);
				PRODUCT_BUNDLE_IDENTIFIER = com.arkadiyGrigoryanc.HistsApp;
				PRODUCT_NAME = "$(TARGET_NAME)";
				SWIFT_VERSION = 5.0;
				TARGETED_DEVICE_FAMILY = 1;
			};
			name = Debug;
		};
		589B793222F1A93C0055DB5F /* Release */ = {
			isa = XCBuildConfiguration;
			buildSettings = {
				ASSETCATALOG_COMPILER_APPICON_NAME = AppIcon;
				CODE_SIGN_STYLE = Automatic;
				DEVELOPMENT_TEAM = 4W5UZS2FYQ;
				INFOPLIST_FILE = HistsApp/Info.plist;
				LD_RUNPATH_SEARCH_PATHS = (
					"$(inherited)",
					"@executable_path/Frameworks",
				);
				PRODUCT_BUNDLE_IDENTIFIER = com.arkadiyGrigoryanc.HistsApp;
				PRODUCT_NAME = "$(TARGET_NAME)";
				SWIFT_VERSION = 5.0;
				TARGETED_DEVICE_FAMILY = 1;
			};
			name = Release;
		};
/* End XCBuildConfiguration section */

/* Begin XCConfigurationList section */
		589B791722F1A93A0055DB5F /* Build configuration list for PBXProject "HistsApp" */ = {
			isa = XCConfigurationList;
			buildConfigurations = (
				589B792E22F1A93C0055DB5F /* Debug */,
				589B792F22F1A93C0055DB5F /* Release */,
			);
			defaultConfigurationIsVisible = 0;
			defaultConfigurationName = Release;
		};
		589B793022F1A93C0055DB5F /* Build configuration list for PBXNativeTarget "HistsApp" */ = {
			isa = XCConfigurationList;
			buildConfigurations = (
				589B793122F1A93C0055DB5F /* Debug */,
				589B793222F1A93C0055DB5F /* Release */,
			);
			defaultConfigurationIsVisible = 0;
			defaultConfigurationName = Release;
		};
/* End XCConfigurationList section */
	};
	rootObject = 589B791422F1A93A0055DB5F /* Project object */;
}
